// !$*UTF8*$!
{
	archiveVersion = 1;
	classes = {
	};
	objectVersion = 55;
	objects = {

/* Begin PBXBuildFile section */
		86123C3F2918E44F0004748F /* AppDelegate.swift in Sources */ = {isa = PBXBuildFile; fileRef = 86123C3E2918E44F0004748F /* AppDelegate.swift */; };
		86123C412918E44F0004748F /* SceneDelegate.swift in Sources */ = {isa = PBXBuildFile; fileRef = 86123C402918E44F0004748F /* SceneDelegate.swift */; };
		86123C432918E44F0004748F /* TabBarController.swift in Sources */ = {isa = PBXBuildFile; fileRef = 86123C422918E44F0004748F /* TabBarController.swift */; };
		86123C482918E4500004748F /* Assets.xcassets in Resources */ = {isa = PBXBuildFile; fileRef = 86123C472918E4500004748F /* Assets.xcassets */; };
		86123C4B2918E4500004748F /* LaunchScreen.storyboard in Resources */ = {isa = PBXBuildFile; fileRef = 86123C492918E4500004748F /* LaunchScreen.storyboard */; };
		86123C542918EE7B0004748F /* SnapKit in Frameworks */ = {isa = PBXBuildFile; productRef = 86123C532918EE7B0004748F /* SnapKit */; };
		86123C562918F1AC0004748F /* SettingViewController.swift in Sources */ = {isa = PBXBuildFile; fileRef = 86123C552918F1AC0004748F /* SettingViewController.swift */; };
		86123C582918F1F60004748F /* CalendarViewController.swift in Sources */ = {isa = PBXBuildFile; fileRef = 86123C572918F1F60004748F /* CalendarViewController.swift */; };
		86123C5A2918F2010004748F /* RetroViewController.swift in Sources */ = {isa = PBXBuildFile; fileRef = 86123C592918F2010004748F /* RetroViewController.swift */; };
		86123C612918FD1F0004748F /* GoogleService-Info.plist in Resources */ = {isa = PBXBuildFile; fileRef = 86123C602918FD1F0004748F /* GoogleService-Info.plist */; };
		86123C642918FEF70004748F /* FirebaseAuth in Frameworks */ = {isa = PBXBuildFile; productRef = 86123C632918FEF70004748F /* FirebaseAuth */; };
		86123C662918FEF70004748F /* FirebaseFirestore in Frameworks */ = {isa = PBXBuildFile; productRef = 86123C652918FEF70004748F /* FirebaseFirestore */; };
/* End PBXBuildFile section */

/* Begin PBXFileReference section */
		86123C3B2918E44F0004748F /* Proof.app */ = {isa = PBXFileReference; explicitFileType = wrapper.application; includeInIndex = 0; path = Proof.app; sourceTree = BUILT_PRODUCTS_DIR; };
		86123C3E2918E44F0004748F /* AppDelegate.swift */ = {isa = PBXFileReference; lastKnownFileType = sourcecode.swift; path = AppDelegate.swift; sourceTree = "<group>"; };
		86123C402918E44F0004748F /* SceneDelegate.swift */ = {isa = PBXFileReference; lastKnownFileType = sourcecode.swift; path = SceneDelegate.swift; sourceTree = "<group>"; };
		86123C422918E44F0004748F /* TabBarController.swift */ = {isa = PBXFileReference; lastKnownFileType = sourcecode.swift; path = TabBarController.swift; sourceTree = "<group>"; };
		86123C472918E4500004748F /* Assets.xcassets */ = {isa = PBXFileReference; lastKnownFileType = folder.assetcatalog; path = Assets.xcassets; sourceTree = "<group>"; };
		86123C4A2918E4500004748F /* Base */ = {isa = PBXFileReference; lastKnownFileType = file.storyboard; name = Base; path = Base.lproj/LaunchScreen.storyboard; sourceTree = "<group>"; };
		86123C4C2918E4500004748F /* Info.plist */ = {isa = PBXFileReference; lastKnownFileType = text.plist.xml; path = Info.plist; sourceTree = "<group>"; };
		86123C552918F1AC0004748F /* SettingViewController.swift */ = {isa = PBXFileReference; lastKnownFileType = sourcecode.swift; path = SettingViewController.swift; sourceTree = "<group>"; };
		86123C572918F1F60004748F /* CalendarViewController.swift */ = {isa = PBXFileReference; lastKnownFileType = sourcecode.swift; path = CalendarViewController.swift; sourceTree = "<group>"; };
		86123C592918F2010004748F /* RetroViewController.swift */ = {isa = PBXFileReference; lastKnownFileType = sourcecode.swift; path = RetroViewController.swift; sourceTree = "<group>"; };
		86123C602918FD1F0004748F /* GoogleService-Info.plist */ = {isa = PBXFileReference; fileEncoding = 4; lastKnownFileType = text.plist.xml; path = "GoogleService-Info.plist"; sourceTree = "<group>"; };
/* End PBXFileReference section */

/* Begin PBXFrameworksBuildPhase section */
		86123C382918E44F0004748F /* Frameworks */ = {
			isa = PBXFrameworksBuildPhase;
			buildActionMask = 2147483647;
			files = (
				86123C542918EE7B0004748F /* SnapKit in Frameworks */,
				86123C642918FEF70004748F /* FirebaseAuth in Frameworks */,
				86123C662918FEF70004748F /* FirebaseFirestore in Frameworks */,
			);
			runOnlyForDeploymentPostprocessing = 0;
		};
/* End PBXFrameworksBuildPhase section */

/* Begin PBXGroup section */
		86123C322918E44F0004748F = {
			isa = PBXGroup;
			children = (
				86123C3D2918E44F0004748F /* Proof */,
				86123C3C2918E44F0004748F /* Products */,
			);
			sourceTree = "<group>";
		};
		86123C3C2918E44F0004748F /* Products */ = {
			isa = PBXGroup;
			children = (
				86123C3B2918E44F0004748F /* Proof.app */,
			);
			name = Products;
			sourceTree = "<group>";
		};
		86123C3D2918E44F0004748F /* Proof */ = {
			isa = PBXGroup;
			children = (
				86123C3E2918E44F0004748F /* AppDelegate.swift */,
				86123C402918E44F0004748F /* SceneDelegate.swift */,
				86123C422918E44F0004748F /* TabBarController.swift */,
				86123C5B2918F50E0004748F /* Retro */,
				86123C5C2918F5130004748F /* Calendar */,
				86123C5D2918F5180004748F /* Setting */,
				86123C472918E4500004748F /* Assets.xcassets */,
				86123C492918E4500004748F /* LaunchScreen.storyboard */,
				86123C4C2918E4500004748F /* Info.plist */,
				86123C602918FD1F0004748F /* GoogleService-Info.plist */,
			);
			path = Proof;
			sourceTree = "<group>";
		};
		86123C5B2918F50E0004748F /* Retro */ = {
			isa = PBXGroup;
			children = (
				86123C592918F2010004748F /* RetroViewController.swift */,
			);
			path = Retro;
			sourceTree = "<group>";
		};
		86123C5C2918F5130004748F /* Calendar */ = {
			isa = PBXGroup;
			children = (
				86123C572918F1F60004748F /* CalendarViewController.swift */,
			);
			path = Calendar;
			sourceTree = "<group>";
		};
		86123C5D2918F5180004748F /* Setting */ = {
			isa = PBXGroup;
			children = (
				86123C552918F1AC0004748F /* SettingViewController.swift */,
			);
			path = Setting;
			sourceTree = "<group>";
		};
/* End PBXGroup section */

/* Begin PBXNativeTarget section */
		86123C3A2918E44F0004748F /* Proof */ = {
			isa = PBXNativeTarget;
			buildConfigurationList = 86123C4F2918E4500004748F /* Build configuration list for PBXNativeTarget "Proof" */;
			buildPhases = (
				86123C372918E44F0004748F /* Sources */,
				86123C382918E44F0004748F /* Frameworks */,
				86123C392918E44F0004748F /* Resources */,
			);
			buildRules = (
			);
			dependencies = (
			);
			name = Proof;
			packageProductDependencies = (
				86123C532918EE7B0004748F /* SnapKit */,
				86123C632918FEF70004748F /* FirebaseAuth */,
				86123C652918FEF70004748F /* FirebaseFirestore */,
			);
			productName = Proof;
			productReference = 86123C3B2918E44F0004748F /* Proof.app */;
			productType = "com.apple.product-type.application";
		};
/* End PBXNativeTarget section */

/* Begin PBXProject section */
		86123C332918E44F0004748F /* Project object */ = {
			isa = PBXProject;
			attributes = {
				BuildIndependentTargetsInParallel = 1;
				LastSwiftUpdateCheck = 1340;
				LastUpgradeCheck = 1340;
				TargetAttributes = {
					86123C3A2918E44F0004748F = {
						CreatedOnToolsVersion = 13.4.1;
					};
				};
			};
			buildConfigurationList = 86123C362918E44F0004748F /* Build configuration list for PBXProject "Proof" */;
			compatibilityVersion = "Xcode 13.0";
			developmentRegion = en;
			hasScannedForEncodings = 0;
			knownRegions = (
				en,
				Base,
			);
			mainGroup = 86123C322918E44F0004748F;
			packageReferences = (
				86123C522918EE7B0004748F /* XCRemoteSwiftPackageReference "SnapKit" */,
				86123C622918FEF70004748F /* XCRemoteSwiftPackageReference "firebase-ios-sdk" */,
			);
			productRefGroup = 86123C3C2918E44F0004748F /* Products */;
			projectDirPath = "";
			projectRoot = "";
			targets = (
				86123C3A2918E44F0004748F /* Proof */,
			);
		};
/* End PBXProject section */

/* Begin PBXResourcesBuildPhase section */
		86123C392918E44F0004748F /* Resources */ = {
			isa = PBXResourcesBuildPhase;
			buildActionMask = 2147483647;
			files = (
				86123C4B2918E4500004748F /* LaunchScreen.storyboard in Resources */,
				86123C482918E4500004748F /* Assets.xcassets in Resources */,
				86123C612918FD1F0004748F /* GoogleService-Info.plist in Resources */,
			);
			runOnlyForDeploymentPostprocessing = 0;
		};
/* End PBXResourcesBuildPhase section */

/* Begin PBXSourcesBuildPhase section */
		86123C372918E44F0004748F /* Sources */ = {
			isa = PBXSourcesBuildPhase;
			buildActionMask = 2147483647;
			files = (
				86123C582918F1F60004748F /* CalendarViewController.swift in Sources */,
				86123C432918E44F0004748F /* TabBarController.swift in Sources */,
				86123C3F2918E44F0004748F /* AppDelegate.swift in Sources */,
				86123C5A2918F2010004748F /* RetroViewController.swift in Sources */,
				86123C412918E44F0004748F /* SceneDelegate.swift in Sources */,
				86123C562918F1AC0004748F /* SettingViewController.swift in Sources */,
			);
			runOnlyForDeploymentPostprocessing = 0;
		};
/* End PBXSourcesBuildPhase section */

/* Begin PBXVariantGroup section */
		86123C492918E4500004748F /* LaunchScreen.storyboard */ = {
			isa = PBXVariantGroup;
			children = (
				86123C4A2918E4500004748F /* Base */,
			);
			name = LaunchScreen.storyboard;
			sourceTree = "<group>";
		};
/* End PBXVariantGroup section */

/* Begin XCBuildConfiguration section */
		86123C4D2918E4500004748F /* Debug */ = {
			isa = XCBuildConfiguration;
			buildSettings = {
				ALWAYS_SEARCH_USER_PATHS = NO;
				CLANG_ANALYZER_NONNULL = YES;
				CLANG_ANALYZER_NUMBER_OBJECT_CONVERSION = YES_AGGRESSIVE;
				CLANG_CXX_LANGUAGE_STANDARD = "gnu++17";
				CLANG_ENABLE_MODULES = YES;
				CLANG_ENABLE_OBJC_ARC = YES;
				CLANG_ENABLE_OBJC_WEAK = YES;
				CLANG_WARN_BLOCK_CAPTURE_AUTORELEASING = YES;
				CLANG_WARN_BOOL_CONVERSION = YES;
				CLANG_WARN_COMMA = YES;
				CLANG_WARN_CONSTANT_CONVERSION = YES;
				CLANG_WARN_DEPRECATED_OBJC_IMPLEMENTATIONS = YES;
				CLANG_WARN_DIRECT_OBJC_ISA_USAGE = YES_ERROR;
				CLANG_WARN_DOCUMENTATION_COMMENTS = YES;
				CLANG_WARN_EMPTY_BODY = YES;
				CLANG_WARN_ENUM_CONVERSION = YES;
				CLANG_WARN_INFINITE_RECURSION = YES;
				CLANG_WARN_INT_CONVERSION = YES;
				CLANG_WARN_NON_LITERAL_NULL_CONVERSION = YES;
				CLANG_WARN_OBJC_IMPLICIT_RETAIN_SELF = YES;
				CLANG_WARN_OBJC_LITERAL_CONVERSION = YES;
				CLANG_WARN_OBJC_ROOT_CLASS = YES_ERROR;
				CLANG_WARN_QUOTED_INCLUDE_IN_FRAMEWORK_HEADER = YES;
				CLANG_WARN_RANGE_LOOP_ANALYSIS = YES;
				CLANG_WARN_STRICT_PROTOTYPES = YES;
				CLANG_WARN_SUSPICIOUS_MOVE = YES;
				CLANG_WARN_UNGUARDED_AVAILABILITY = YES_AGGRESSIVE;
				CLANG_WARN_UNREACHABLE_CODE = YES;
				CLANG_WARN__DUPLICATE_METHOD_MATCH = YES;
				COPY_PHASE_STRIP = NO;
				DEBUG_INFORMATION_FORMAT = dwarf;
				ENABLE_STRICT_OBJC_MSGSEND = YES;
				ENABLE_TESTABILITY = YES;
				GCC_C_LANGUAGE_STANDARD = gnu11;
				GCC_DYNAMIC_NO_PIC = NO;
				GCC_NO_COMMON_BLOCKS = YES;
				GCC_OPTIMIZATION_LEVEL = 0;
				GCC_PREPROCESSOR_DEFINITIONS = (
					"DEBUG=1",
					"$(inherited)",
				);
				GCC_WARN_64_TO_32_BIT_CONVERSION = YES;
				GCC_WARN_ABOUT_RETURN_TYPE = YES_ERROR;
				GCC_WARN_UNDECLARED_SELECTOR = YES;
				GCC_WARN_UNINITIALIZED_AUTOS = YES_AGGRESSIVE;
				GCC_WARN_UNUSED_FUNCTION = YES;
				GCC_WARN_UNUSED_VARIABLE = YES;
				IPHONEOS_DEPLOYMENT_TARGET = 14.0;
				MTL_ENABLE_DEBUG_INFO = INCLUDE_SOURCE;
				MTL_FAST_MATH = YES;
				ONLY_ACTIVE_ARCH = YES;
				SDKROOT = iphoneos;
				SWIFT_ACTIVE_COMPILATION_CONDITIONS = DEBUG;
				SWIFT_OPTIMIZATION_LEVEL = "-Onone";
			};
			name = Debug;
		};
		86123C4E2918E4500004748F /* Release */ = {
			isa = XCBuildConfiguration;
			buildSettings = {
				ALWAYS_SEARCH_USER_PATHS = NO;
				CLANG_ANALYZER_NONNULL = YES;
				CLANG_ANALYZER_NUMBER_OBJECT_CONVERSION = YES_AGGRESSIVE;
				CLANG_CXX_LANGUAGE_STANDARD = "gnu++17";
				CLANG_ENABLE_MODULES = YES;
				CLANG_ENABLE_OBJC_ARC = YES;
				CLANG_ENABLE_OBJC_WEAK = YES;
				CLANG_WARN_BLOCK_CAPTURE_AUTORELEASING = YES;
				CLANG_WARN_BOOL_CONVERSION = YES;
				CLANG_WARN_COMMA = YES;
				CLANG_WARN_CONSTANT_CONVERSION = YES;
				CLANG_WARN_DEPRECATED_OBJC_IMPLEMENTATIONS = YES;
				CLANG_WARN_DIRECT_OBJC_ISA_USAGE = YES_ERROR;
				CLANG_WARN_DOCUMENTATION_COMMENTS = YES;
				CLANG_WARN_EMPTY_BODY = YES;
				CLANG_WARN_ENUM_CONVERSION = YES;
				CLANG_WARN_INFINITE_RECURSION = YES;
				CLANG_WARN_INT_CONVERSION = YES;
				CLANG_WARN_NON_LITERAL_NULL_CONVERSION = YES;
				CLANG_WARN_OBJC_IMPLICIT_RETAIN_SELF = YES;
				CLANG_WARN_OBJC_LITERAL_CONVERSION = YES;
				CLANG_WARN_OBJC_ROOT_CLASS = YES_ERROR;
				CLANG_WARN_QUOTED_INCLUDE_IN_FRAMEWORK_HEADER = YES;
				CLANG_WARN_RANGE_LOOP_ANALYSIS = YES;
				CLANG_WARN_STRICT_PROTOTYPES = YES;
				CLANG_WARN_SUSPICIOUS_MOVE = YES;
				CLANG_WARN_UNGUARDED_AVAILABILITY = YES_AGGRESSIVE;
				CLANG_WARN_UNREACHABLE_CODE = YES;
				CLANG_WARN__DUPLICATE_METHOD_MATCH = YES;
				COPY_PHASE_STRIP = NO;
				DEBUG_INFORMATION_FORMAT = "dwarf-with-dsym";
				ENABLE_NS_ASSERTIONS = NO;
				ENABLE_STRICT_OBJC_MSGSEND = YES;
				GCC_C_LANGUAGE_STANDARD = gnu11;
				GCC_NO_COMMON_BLOCKS = YES;
				GCC_WARN_64_TO_32_BIT_CONVERSION = YES;
				GCC_WARN_ABOUT_RETURN_TYPE = YES_ERROR;
				GCC_WARN_UNDECLARED_SELECTOR = YES;
				GCC_WARN_UNINITIALIZED_AUTOS = YES_AGGRESSIVE;
				GCC_WARN_UNUSED_FUNCTION = YES;
				GCC_WARN_UNUSED_VARIABLE = YES;
				IPHONEOS_DEPLOYMENT_TARGET = 14.0;
				MTL_ENABLE_DEBUG_INFO = NO;
				MTL_FAST_MATH = YES;
				SDKROOT = iphoneos;
				SWIFT_COMPILATION_MODE = wholemodule;
				SWIFT_OPTIMIZATION_LEVEL = "-O";
				VALIDATE_PRODUCT = YES;
			};
			name = Release;
		};
		86123C502918E4500004748F /* Debug */ = {
			isa = XCBuildConfiguration;
			buildSettings = {
				ASSETCATALOG_COMPILER_APPICON_NAME = AppIcon;
				ASSETCATALOG_COMPILER_GLOBAL_ACCENT_COLOR_NAME = AccentColor;
				CODE_SIGN_STYLE = Automatic;
				CURRENT_PROJECT_VERSION = 1;
				DEVELOPMENT_TEAM = SC2M4P5Z8J;
				GENERATE_INFOPLIST_FILE = YES;
				INFOPLIST_FILE = Proof/Info.plist;
				INFOPLIST_KEY_UIApplicationSupportsIndirectInputEvents = YES;
				INFOPLIST_KEY_UILaunchStoryboardName = LaunchScreen;
				INFOPLIST_KEY_UISupportedInterfaceOrientations_iPad = "UIInterfaceOrientationPortrait UIInterfaceOrientationPortraitUpsideDown UIInterfaceOrientationLandscapeLeft UIInterfaceOrientationLandscapeRight";
				INFOPLIST_KEY_UISupportedInterfaceOrientations_iPhone = "UIInterfaceOrientationPortrait UIInterfaceOrientationLandscapeLeft UIInterfaceOrientationLandscapeRight";
				IPHONEOS_DEPLOYMENT_TARGET = 14.0;
				LD_RUNPATH_SEARCH_PATHS = (
					"$(inherited)",
					"@executable_path/Frameworks",
				);
				MARKETING_VERSION = 1.0;
				PRODUCT_BUNDLE_IDENTIFIER = com.torinunna.Proof;
				PRODUCT_NAME = "$(TARGET_NAME)";
				SWIFT_EMIT_LOC_STRINGS = YES;
				SWIFT_VERSION = 5.0;
				TARGETED_DEVICE_FAMILY = "1,2";
			};
			name = Debug;
		};
		86123C512918E4500004748F /* Release */ = {
			isa = XCBuildConfiguration;
			buildSettings = {
				ASSETCATALOG_COMPILER_APPICON_NAME = AppIcon;
				ASSETCATALOG_COMPILER_GLOBAL_ACCENT_COLOR_NAME = AccentColor;
				CODE_SIGN_STYLE = Automatic;
				CURRENT_PROJECT_VERSION = 1;
				DEVELOPMENT_TEAM = SC2M4P5Z8J;
				GENERATE_INFOPLIST_FILE = YES;
				INFOPLIST_FILE = Proof/Info.plist;
				INFOPLIST_KEY_UIApplicationSupportsIndirectInputEvents = YES;
				INFOPLIST_KEY_UILaunchStoryboardName = LaunchScreen;
				INFOPLIST_KEY_UISupportedInterfaceOrientations_iPad = "UIInterfaceOrientationPortrait UIInterfaceOrientationPortraitUpsideDown UIInterfaceOrientationLandscapeLeft UIInterfaceOrientationLandscapeRight";
				INFOPLIST_KEY_UISupportedInterfaceOrientations_iPhone = "UIInterfaceOrientationPortrait UIInterfaceOrientationLandscapeLeft UIInterfaceOrientationLandscapeRight";
				IPHONEOS_DEPLOYMENT_TARGET = 14.0;
				LD_RUNPATH_SEARCH_PATHS = (
					"$(inherited)",
					"@executable_path/Frameworks",
				);
				MARKETING_VERSION = 1.0;
				PRODUCT_BUNDLE_IDENTIFIER = com.torinunna.Proof;
				PRODUCT_NAME = "$(TARGET_NAME)";
				SWIFT_EMIT_LOC_STRINGS = YES;
				SWIFT_VERSION = 5.0;
				TARGETED_DEVICE_FAMILY = "1,2";
			};
			name = Release;
		};
/* End XCBuildConfiguration section */

/* Begin XCConfigurationList section */
		86123C362918E44F0004748F /* Build configuration list for PBXProject "Proof" */ = {
			isa = XCConfigurationList;
			buildConfigurations = (
				86123C4D2918E4500004748F /* Debug */,
				86123C4E2918E4500004748F /* Release */,
			);
			defaultConfigurationIsVisible = 0;
			defaultConfigurationName = Release;
		};
		86123C4F2918E4500004748F /* Build configuration list for PBXNativeTarget "Proof" */ = {
			isa = XCConfigurationList;
			buildConfigurations = (
				86123C502918E4500004748F /* Debug */,
				86123C512918E4500004748F /* Release */,
			);
			defaultConfigurationIsVisible = 0;
			defaultConfigurationName = Release;
		};
/* End XCConfigurationList section */

/* Begin XCRemoteSwiftPackageReference section */
		86123C522918EE7B0004748F /* XCRemoteSwiftPackageReference "SnapKit" */ = {
			isa = XCRemoteSwiftPackageReference;
			repositoryURL = "https://github.com/SnapKit/SnapKit.git";
			requirement = {
				kind = upToNextMajorVersion;
				minimumVersion = 5.0.0;
			};
		};
		86123C622918FEF70004748F /* XCRemoteSwiftPackageReference "firebase-ios-sdk" */ = {
			isa = XCRemoteSwiftPackageReference;
			repositoryURL = "https://github.com/firebase/firebase-ios-sdk";
			requirement = {
				kind = upToNextMajorVersion;
				minimumVersion = 9.0.0;
			};
		};
/* End XCRemoteSwiftPackageReference section */

/* Begin XCSwiftPackageProductDependency section */
		86123C532918EE7B0004748F /* SnapKit */ = {
			isa = XCSwiftPackageProductDependency;
			package = 86123C522918EE7B0004748F /* XCRemoteSwiftPackageReference "SnapKit" */;
			productName = SnapKit;
		};
		86123C632918FEF70004748F /* FirebaseAuth */ = {
			isa = XCSwiftPackageProductDependency;
			package = 86123C622918FEF70004748F /* XCRemoteSwiftPackageReference "firebase-ios-sdk" */;
			productName = FirebaseAuth;
		};
		86123C652918FEF70004748F /* FirebaseFirestore */ = {
			isa = XCSwiftPackageProductDependency;
			package = 86123C622918FEF70004748F /* XCRemoteSwiftPackageReference "firebase-ios-sdk" */;
			productName = FirebaseFirestore;
		};
/* End XCSwiftPackageProductDependency section */
	};
	rootObject = 86123C332918E44F0004748F /* Project object */;
}
